
Microsoft Visual Studio Solution File, Format Version 12.00
# Visual Studio Version 17
VisualStudioVersion = 17.8.34525.116
MinimumVisualStudioVersion = 10.0.40219.1
Project("{FAE04EC0-301F-11D3-BF4B-00C04F79EFBC}") = "CV_Lab1", "CV_Lab1\CV_Lab1.csproj", "{A702E93F-86FD-48E9-A479-8403224F004A}"
EndProject
Global
	GlobalSection(SolutionConfigurationPlatforms) = preSolution
		Debug|Any CPU = Debug|Any CPU
		Release|Any CPU = Release|Any CPU
	EndGlobalSection
	GlobalSection(ProjectConfigurationPlatforms) = postSolution
		{A702E93F-86FD-48E9-A479-8403224F004A}.Debug|Any CPU.ActiveCfg = Debug|Any CPU
		{A702E93F-86FD-48E9-A479-8403224F004A}.Debug|Any CPU.Build.0 = Debug|Any CPU
		{A702E93F-86FD-48E9-A479-8403224F004A}.Release|Any CPU.ActiveCfg = Release|Any CPU
		{A702E93F-86FD-48E9-A479-8403224F004A}.Release|Any CPU.Build.0 = Release|Any CPU
	EndGlobalSection
	GlobalSection(SolutionProperties) = preSolution
		HideSolutionNode = FALSE
	EndGlobalSection
	GlobalSection(ExtensibilityGlobals) = postSolution
		SolutionGuid = {E022610B-DDFA-4EB3-A366-6BF30BBE3877}
	EndGlobalSection
EndGlobal
